
Microsoft Visual Studio Solution File, Format Version 12.00
# Visual Studio Version 16
VisualStudioVersion = 16.0.32802.440
MinimumVisualStudioVersion = 10.0.40219.1
Project("{888888A0-9F3D-457C-B088-3A5042F75D52}") = "MILESTONES", "MILESTONES.pyproj", "{574EB7D2-B698-4929-B900-BAB5AB93B99E}"
EndProject
Project("{888888A0-9F3D-457C-B088-3A5042F75D52}") = "CLASES", "..\CLASES\CLASES.pyproj", "{C7CF8780-D3EE-4311-B853-8F2E2FBCCF86}"
EndProject
Global
	GlobalSection(SolutionConfigurationPlatforms) = preSolution
		Debug|Any CPU = Debug|Any CPU
		Release|Any CPU = Release|Any CPU
	EndGlobalSection
	GlobalSection(ProjectConfigurationPlatforms) = postSolution
		{574EB7D2-B698-4929-B900-BAB5AB93B99E}.Debug|Any CPU.ActiveCfg = Debug|Any CPU
		{574EB7D2-B698-4929-B900-BAB5AB93B99E}.Release|Any CPU.ActiveCfg = Release|Any CPU
		{C7CF8780-D3EE-4311-B853-8F2E2FBCCF86}.Debug|Any CPU.ActiveCfg = Debug|Any CPU
		{C7CF8780-D3EE-4311-B853-8F2E2FBCCF86}.Release|Any CPU.ActiveCfg = Release|Any CPU
	EndGlobalSection
	GlobalSection(SolutionProperties) = preSolution
		HideSolutionNode = FALSE
	EndGlobalSection
	GlobalSection(ExtensibilityGlobals) = postSolution
		SolutionGuid = {E2CE4F8E-3C15-4915-9D96-E3C02A39BA67}
	EndGlobalSection
EndGlobal
